{
  "version": 4,
  "terraform_version": "1.11.4",
  "serial": 4,
  "lineage": "d18b125f-f790-2f29-9533-cedc73eaaaba",
  "outputs": {
    "application_url": {
      "value": "http://54.85.7.118:5000",
      "type": "string"
    },
    "public_dns": {
      "value": "ec2-54-85-7-118.compute-1.amazonaws.com",
      "type": "string"
    },
    "public_ip": {
      "value": "54.85.7.118",
      "type": "string"
    },
    "ssh_command": {
      "value": "ssh -i vockey.pem ubuntu@54.85.7.118",
      "type": "string"
    },
    "website_url": {
      "value": "http://54.85.7.118",
      "type": "string"
    }
  },
  "resources": [
    {
      "mode": "managed",
      "type": "aws_cloudwatch_metric_alarm",
      "name": "instance_status",
      "provider": "provider[\"registry.terraform.io/hashicorp/aws\"]",
      "instances": [
        {
          "schema_version": 1,
          "attributes": {
            "actions_enabled": true,
            "alarm_actions": null,
            "alarm_description": "This metric monitors EC2 instance status checks",
            "alarm_name": "streamflix-development-250413064529-status-alarm",
            "arn": "arn:aws:cloudwatch:us-east-1:059570218399:alarm:streamflix-development-250413064529-status-alarm",
            "comparison_operator": "GreaterThanOrEqualToThreshold",
            "datapoints_to_alarm": 0,
            "dimensions": {
              "InstanceId": "i-07fc770d1c145adf7"
            },
            "evaluate_low_sample_count_percentiles": "",
            "evaluation_periods": 2,
            "extended_statistic": "",
            "id": "streamflix-development-250413064529-status-alarm",
            "insufficient_data_actions": null,
            "metric_name": "StatusCheckFailed",
            "metric_query": [],
            "namespace": "AWS/EC2",
            "ok_actions": null,
            "period": 60,
            "statistic": "Maximum",
            "tags": {
              "Application": "Streamflix",
              "CreatedAt": "250413064529",
              "Version": "1.0"
            },
            "tags_all": {
              "Application": "Streamflix",
              "CreatedAt": "250413064529",
              "Environment": "development",
              "ManagedBy": "Terraform",
              "Project": "Streamflix",
              "Version": "1.0"
            },
            "threshold": 1,
            "threshold_metric_id": "",
            "treat_missing_data": "missing",
            "unit": ""
          },
          "sensitive_attributes": [],
          "private": "eyJzY2hlbWFfdmVyc2lvbiI6IjEifQ==",
          "dependencies": [
            "aws_instance.app_server",
            "aws_security_group.app_sg"
          ]
        }
      ]
    },
    {
      "mode": "managed",
      "type": "aws_instance",
      "name": "app_server",
      "provider": "provider[\"registry.terraform.io/hashicorp/aws\"]",
      "instances": [
        {
          "schema_version": 1,
          "attributes": {
            "ami": "ami-080e1f13689e07408",
            "arn": "arn:aws:ec2:us-east-1:059570218399:instance/i-07fc770d1c145adf7",
            "associate_public_ip_address": true,
            "availability_zone": "us-east-1c",
            "capacity_reservation_specification": [
              {
                "capacity_reservation_preference": "open",
                "capacity_reservation_target": []
              }
            ],
            "cpu_core_count": 1,
            "cpu_options": [
              {
                "amd_sev_snp": "",
                "core_count": 1,
                "threads_per_core": 1
              }
            ],
            "cpu_threads_per_core": 1,
            "credit_specification": [
              {
                "cpu_credits": "standard"
              }
            ],
            "disable_api_stop": false,
            "disable_api_termination": false,
            "ebs_block_device": [],
            "ebs_optimized": false,
            "enable_primary_ipv6": null,
            "enclave_options": [
              {
                "enabled": false
              }
            ],
            "ephemeral_block_device": [],
            "get_password_data": false,
            "hibernation": false,
            "host_id": "",
            "host_resource_group_arn": null,
            "iam_instance_profile": "",
            "id": "i-07fc770d1c145adf7",
            "instance_initiated_shutdown_behavior": "stop",
            "instance_lifecycle": "",
            "instance_market_options": [],
            "instance_state": "running",
            "instance_type": "t2.micro",
            "ipv6_address_count": 0,
            "ipv6_addresses": [],
            "key_name": "vockey",
            "launch_template": [],
            "maintenance_options": [
              {
                "auto_recovery": "default"
              }
            ],
            "metadata_options": [
              {
                "http_endpoint": "enabled",
                "http_protocol_ipv6": "disabled",
                "http_put_response_hop_limit": 1,
                "http_tokens": "optional",
                "instance_metadata_tags": "disabled"
              }
            ],
            "monitoring": true,
            "network_interface": [],
            "outpost_arn": "",
            "password_data": "",
            "placement_group": "",
            "placement_partition_number": 0,
            "primary_network_interface_id": "eni-0a2bf5fd82a070394",
            "private_dns": "ip-172-31-17-210.ec2.internal",
            "private_dns_name_options": [
              {
                "enable_resource_name_dns_a_record": false,
                "enable_resource_name_dns_aaaa_record": false,
                "hostname_type": "ip-name"
              }
            ],
            "private_ip": "172.31.17.210",
            "public_dns": "ec2-54-85-7-118.compute-1.amazonaws.com",
            "public_ip": "54.85.7.118",
            "root_block_device": [
              {
                "delete_on_termination": true,
                "device_name": "/dev/sda1",
                "encrypted": true,
                "iops": 3000,
                "kms_key_id": "arn:aws:kms:us-east-1:059570218399:key/cf897cfa-8109-431c-aad0-eced78f99df7",
                "tags": null,
                "tags_all": {
                  "Environment": "development",
                  "ManagedBy": "Terraform",
                  "Project": "Streamflix"
                },
                "throughput": 125,
                "volume_id": "vol-0302953812aa181dd",
                "volume_size": 20,
                "volume_type": "gp3"
              }
            ],
            "secondary_private_ips": [],
            "security_groups": [
              "streamflix-development-250413064529-sg"
            ],
            "source_dest_check": true,
            "spot_instance_request_id": "",
            "subnet_id": "subnet-061e6f1bdec9caa38",
            "tags": {
              "Application": "Streamflix",
              "CreatedAt": "250413064529",
              "Name": "streamflix-development-250413064529-server",
              "Version": "1.0"
            },
            "tags_all": {
              "Application": "Streamflix",
              "CreatedAt": "250413064529",
              "Environment": "development",
              "ManagedBy": "Terraform",
              "Name": "streamflix-development-250413064529-server",
              "Project": "Streamflix",
              "Version": "1.0"
            },
            "tenancy": "default",
            "timeouts": null,
            "user_data": "76bb3c336bd106dffe6da3b5aa5ce9cfdf38ee72",
            "user_data_base64": null,
            "user_data_replace_on_change": false,
            "volume_tags": null,
            "vpc_security_group_ids": [
              "sg-0e840b7f158baf492"
            ]
          },
          "sensitive_attributes": [],
          "private": "eyJlMmJmYjczMC1lY2FhLTExZTYtOGY4OC0zNDM2M2JjN2M0YzAiOnsiY3JlYXRlIjo2MDAwMDAwMDAwMDAsImRlbGV0ZSI6MTIwMDAwMDAwMDAwMCwicmVhZCI6OTAwMDAwMDAwMDAwLCJ1cGRhdGUiOjYwMDAwMDAwMDAwMH0sInNjaGVtYV92ZXJzaW9uIjoiMSJ9",
          "dependencies": [
            "aws_security_group.app_sg"
          ],
          "create_before_destroy": true
        }
      ]
    },
    {
      "mode": "managed",
      "type": "aws_security_group",
      "name": "app_sg",
      "provider": "provider[\"registry.terraform.io/hashicorp/aws\"]",
      "instances": [
        {
          "schema_version": 1,
          "attributes": {
            "arn": "arn:aws:ec2:us-east-1:059570218399:security-group/sg-0e840b7f158baf492",
            "description": "Security group for Streamflix application",
            "egress": [
              {
                "cidr_blocks": [
                  "0.0.0.0/0"
                ],
                "description": "Allow all outbound traffic",
                "from_port": 0,
                "ipv6_cidr_blocks": [],
                "prefix_list_ids": [],
                "protocol": "-1",
                "security_groups": [],
                "self": false,
                "to_port": 0
              }
            ],
            "id": "sg-0e840b7f158baf492",
            "ingress": [
              {
                "cidr_blocks": [
                  "0.0.0.0/0"
                ],
                "description": "Application port access",
                "from_port": 5000,
                "ipv6_cidr_blocks": [],
                "prefix_list_ids": [],
                "protocol": "tcp",
                "security_groups": [],
                "self": false,
                "to_port": 5000
              },
              {
                "cidr_blocks": [
                  "0.0.0.0/0"
                ],
                "description": "HTTP traffic",
                "from_port": 80,
                "ipv6_cidr_blocks": [],
                "prefix_list_ids": [],
                "protocol": "tcp",
                "security_groups": [],
                "self": false,
                "to_port": 80
              },
              {
                "cidr_blocks": [
                  "0.0.0.0/0"
                ],
                "description": "SSH access",
                "from_port": 22,
                "ipv6_cidr_blocks": [],
                "prefix_list_ids": [],
                "protocol": "tcp",
                "security_groups": [],
                "self": false,
                "to_port": 22
              }
            ],
            "name": "streamflix-development-250413064529-sg",
            "name_prefix": "",
            "owner_id": "059570218399",
            "revoke_rules_on_delete": false,
            "tags": {
              "Application": "Streamflix",
              "CreatedAt": "250413064529",
              "Name": "streamflix-development-250413064529-sg",
              "Version": "1.0"
            },
            "tags_all": {
              "Application": "Streamflix",
              "CreatedAt": "250413064529",
              "Environment": "development",
              "ManagedBy": "Terraform",
              "Name": "streamflix-development-250413064529-sg",
              "Project": "Streamflix",
              "Version": "1.0"
            },
            "timeouts": null,
            "vpc_id": "vpc-0c623d97892b7afa5"
          },
          "sensitive_attributes": [],
          "private": "eyJlMmJmYjczMC1lY2FhLTExZTYtOGY4OC0zNDM2M2JjN2M0YzAiOnsiY3JlYXRlIjo2MDAwMDAwMDAwMDAsImRlbGV0ZSI6OTAwMDAwMDAwMDAwfSwic2NoZW1hX3ZlcnNpb24iOiIxIn0=",
          "create_before_destroy": true
        }
      ]
    }
  ],
  "check_results": null
}
